// !$*UTF8*$!
{
	archiveVersion = 1;
	classes = {
	};
	objectVersion = 46;
	objects = {

/* Begin PBXBuildFile section */
		76E6B823170B3A6100A49105 /* Categories.m in Sources */ = {isa = PBXBuildFile; fileRef = 76E6B822170B3A6100A49105 /* Categories.m */; };
		8BBD069B155B0C2000FFD4EF /* UIKit.framework in Frameworks */ = {isa = PBXBuildFile; fileRef = 8BBD069A155B0C2000FFD4EF /* UIKit.framework */; };
		8BBD069D155B0C2000FFD4EF /* Foundation.framework in Frameworks */ = {isa = PBXBuildFile; fileRef = 8BBD069C155B0C2000FFD4EF /* Foundation.framework */; };
		8BBD069F155B0C2000FFD4EF /* CoreGraphics.framework in Frameworks */ = {isa = PBXBuildFile; fileRef = 8BBD069E155B0C2000FFD4EF /* CoreGraphics.framework */; };
		8BBD06A1155B0C2000FFD4EF /* CoreData.framework in Frameworks */ = {isa = PBXBuildFile; fileRef = 8BBD06A0155B0C2000FFD4EF /* CoreData.framework */; };
		8BBD06A7155B0C2000FFD4EF /* InfoPlist.strings in Resources */ = {isa = PBXBuildFile; fileRef = 8BBD06A5155B0C2000FFD4EF /* InfoPlist.strings */; };
		8BBD06A9155B0C2000FFD4EF /* main.m in Sources */ = {isa = PBXBuildFile; fileRef = 8BBD06A8155B0C2000FFD4EF /* main.m */; };
		8BBD06AD155B0C2000FFD4EF /* AppDelegate.m in Sources */ = {isa = PBXBuildFile; fileRef = 8BBD06AC155B0C2000FFD4EF /* AppDelegate.m */; };
		8BBD06B0155B0C2000FFD4EF /* test.xcdatamodeld in Sources */ = {isa = PBXBuildFile; fileRef = 8BBD06AE155B0C2000FFD4EF /* test.xcdatamodeld */; };
		8BBD06B3155B0C2000FFD4EF /* CategoryMemberViewController.m in Sources */ = {isa = PBXBuildFile; fileRef = 8BBD06B2155B0C2000FFD4EF /* CategoryMemberViewController.m */; };
		8BBD06B9155B0C2000FFD4EF /* CategoryMemberViewController.xib in Resources */ = {isa = PBXBuildFile; fileRef = 8BBD06B7155B0C2000FFD4EF /* CategoryMemberViewController.xib */; };
		8BBD06C4155B0C2000FFD4EF /* SenTestingKit.framework in Frameworks */ = {isa = PBXBuildFile; fileRef = 8BBD06C3155B0C2000FFD4EF /* SenTestingKit.framework */; };
		8BBD06C5155B0C2000FFD4EF /* UIKit.framework in Frameworks */ = {isa = PBXBuildFile; fileRef = 8BBD069A155B0C2000FFD4EF /* UIKit.framework */; };
		8BBD06C6155B0C2000FFD4EF /* Foundation.framework in Frameworks */ = {isa = PBXBuildFile; fileRef = 8BBD069C155B0C2000FFD4EF /* Foundation.framework */; };
		8BBD06C7155B0C2000FFD4EF /* CoreData.framework in Frameworks */ = {isa = PBXBuildFile; fileRef = 8BBD06A0155B0C2000FFD4EF /* CoreData.framework */; };
		8BBD06CF155B0C2000FFD4EF /* InfoPlist.strings in Resources */ = {isa = PBXBuildFile; fileRef = 8BBD06CD155B0C2000FFD4EF /* InfoPlist.strings */; };
		8BBD06D2155B0C2000FFD4EF /* testTests.m in Sources */ = {isa = PBXBuildFile; fileRef = 8BBD06D1155B0C2000FFD4EF /* testTests.m */; };
		8BBD0720155B24F400FFD4EF /* README in Resources */ = {isa = PBXBuildFile; fileRef = 8BBD071F155B24F400FFD4EF /* README */; };
		8BBD0722155B2C0900FFD4EF /* Arrow.png in Resources */ = {isa = PBXBuildFile; fileRef = 8BBD0721155B2C0900FFD4EF /* Arrow.png */; };
		8BBD0727155B340000FFD4EF /* down.png in Resources */ = {isa = PBXBuildFile; fileRef = 8BBD0723155B340000FFD4EF /* down.png */; };
		8BBD0728155B340000FFD4EF /* down@2x.png in Resources */ = {isa = PBXBuildFile; fileRef = 8BBD0724155B340000FFD4EF /* down@2x.png */; };
		8BBD0729155B340000FFD4EF /* up.png in Resources */ = {isa = PBXBuildFile; fileRef = 8BBD0725155B340000FFD4EF /* up.png */; };
		8BBD072A155B340000FFD4EF /* up@2x.png in Resources */ = {isa = PBXBuildFile; fileRef = 8BBD0726155B340000FFD4EF /* up@2x.png */; };
		8BBD072F155B399000FFD4EF /* libTestUtils.a in Frameworks */ = {isa = PBXBuildFile; fileRef = 8BBD072C155B38BE00FFD4EF /* libTestUtils.a */; };
/* End PBXBuildFile section */

/* Begin PBXContainerItemProxy section */
		8BBD06C8155B0C2000FFD4EF /* PBXContainerItemProxy */ = {
			isa = PBXContainerItemProxy;
			containerPortal = 8BBD068D155B0C2000FFD4EF /* Project object */;
			proxyType = 1;
			remoteGlobalIDString = 8BBD0695155B0C2000FFD4EF;
			remoteInfo = test;
		};
/* End PBXContainerItemProxy section */

/* Begin PBXFileReference section */
		76E6B821170B3A6100A49105 /* Categories.h */ = {isa = PBXFileReference; fileEncoding = 4; lastKnownFileType = sourcecode.c.h; path = Categories.h; sourceTree = "<group>"; };
		76E6B822170B3A6100A49105 /* Categories.m */ = {isa = PBXFileReference; fileEncoding = 4; lastKnownFileType = sourcecode.c.objc; path = Categories.m; sourceTree = "<group>"; };
		8BBD0696155B0C2000FFD4EF /* test.app */ = {isa = PBXFileReference; explicitFileType = wrapper.application; includeInIndex = 0; path = test.app; sourceTree = BUILT_PRODUCTS_DIR; };
		8BBD069A155B0C2000FFD4EF /* UIKit.framework */ = {isa = PBXFileReference; lastKnownFileType = wrapper.framework; name = UIKit.framework; path = System/Library/Frameworks/UIKit.framework; sourceTree = SDKROOT; };
		8BBD069C155B0C2000FFD4EF /* Foundation.framework */ = {isa = PBXFileReference; lastKnownFileType = wrapper.framework; name = Foundation.framework; path = System/Library/Frameworks/Foundation.framework; sourceTree = SDKROOT; };
		8BBD069E155B0C2000FFD4EF /* CoreGraphics.framework */ = {isa = PBXFileReference; lastKnownFileType = wrapper.framework; name = CoreGraphics.framework; path = System/Library/Frameworks/CoreGraphics.framework; sourceTree = SDKROOT; };
		8BBD06A0155B0C2000FFD4EF /* CoreData.framework */ = {isa = PBXFileReference; lastKnownFileType = wrapper.framework; name = CoreData.framework; path = System/Library/Frameworks/CoreData.framework; sourceTree = SDKROOT; };
		8BBD06A4155B0C2000FFD4EF /* test-Info.plist */ = {isa = PBXFileReference; lastKnownFileType = text.plist.xml; path = "test-Info.plist"; sourceTree = "<group>"; };
		8BBD06A6155B0C2000FFD4EF /* en */ = {isa = PBXFileReference; lastKnownFileType = text.plist.strings; name = en; path = en.lproj/InfoPlist.strings; sourceTree = "<group>"; };
		8BBD06A8155B0C2000FFD4EF /* main.m */ = {isa = PBXFileReference; lastKnownFileType = sourcecode.c.objc; path = main.m; sourceTree = "<group>"; };
		8BBD06AA155B0C2000FFD4EF /* test-Prefix.pch */ = {isa = PBXFileReference; lastKnownFileType = sourcecode.c.h; path = "test-Prefix.pch"; sourceTree = "<group>"; };
		8BBD06AB155B0C2000FFD4EF /* AppDelegate.h */ = {isa = PBXFileReference; lastKnownFileType = sourcecode.c.h; path = AppDelegate.h; sourceTree = "<group>"; };
		8BBD06AC155B0C2000FFD4EF /* AppDelegate.m */ = {isa = PBXFileReference; lastKnownFileType = sourcecode.c.objc; path = AppDelegate.m; sourceTree = "<group>"; };
		8BBD06AF155B0C2000FFD4EF /* test.xcdatamodel */ = {isa = PBXFileReference; lastKnownFileType = wrapper.xcdatamodel; path = test.xcdatamodel; sourceTree = "<group>"; };
		8BBD06B1155B0C2000FFD4EF /* CategoryMemberViewController.h */ = {isa = PBXFileReference; lastKnownFileType = sourcecode.c.h; path = CategoryMemberViewController.h; sourceTree = "<group>"; };
		8BBD06B2155B0C2000FFD4EF /* CategoryMemberViewController.m */ = {isa = PBXFileReference; lastKnownFileType = sourcecode.c.objc; path = CategoryMemberViewController.m; sourceTree = "<group>"; };
		8BBD06B8155B0C2000FFD4EF /* en */ = {isa = PBXFileReference; lastKnownFileType = file.xib; name = en; path = en.lproj/CategoryMemberViewController.xib; sourceTree = "<group>"; };
		8BBD06C2155B0C2000FFD4EF /* testTests.octest */ = {isa = PBXFileReference; explicitFileType = wrapper.cfbundle; includeInIndex = 0; path = testTests.octest; sourceTree = BUILT_PRODUCTS_DIR; };
		8BBD06C3155B0C2000FFD4EF /* SenTestingKit.framework */ = {isa = PBXFileReference; lastKnownFileType = wrapper.framework; name = SenTestingKit.framework; path = Library/Frameworks/SenTestingKit.framework; sourceTree = DEVELOPER_DIR; };
		8BBD06CC155B0C2000FFD4EF /* testTests-Info.plist */ = {isa = PBXFileReference; lastKnownFileType = text.plist.xml; path = "testTests-Info.plist"; sourceTree = "<group>"; };
		8BBD06CE155B0C2000FFD4EF /* en */ = {isa = PBXFileReference; lastKnownFileType = text.plist.strings; name = en; path = en.lproj/InfoPlist.strings; sourceTree = "<group>"; };
		8BBD06D0155B0C2000FFD4EF /* testTests.h */ = {isa = PBXFileReference; lastKnownFileType = sourcecode.c.h; path = testTests.h; sourceTree = "<group>"; };
		8BBD06D1155B0C2000FFD4EF /* testTests.m */ = {isa = PBXFileReference; lastKnownFileType = sourcecode.c.objc; path = testTests.m; sourceTree = "<group>"; };
		8BBD06FC155B1AF900FFD4EF /* TestUtils.h */ = {isa = PBXFileReference; fileEncoding = 4; lastKnownFileType = sourcecode.c.h; name = TestUtils.h; path = ../test/TestUtils.h; sourceTree = "<group>"; };
		8BBD0716155B22A100FFD4EF /* TestUtils-Prefix.pch */ = {isa = PBXFileReference; lastKnownFileType = sourcecode.c.h; path = "TestUtils-Prefix.pch"; sourceTree = "<group>"; };
		8BBD071F155B24F400FFD4EF /* README */ = {isa = PBXFileReference; fileEncoding = 4; lastKnownFileType = text; path = README; sourceTree = "<group>"; };
		8BBD0721155B2C0900FFD4EF /* Arrow.png */ = {isa = PBXFileReference; lastKnownFileType = image.png; path = Arrow.png; sourceTree = "<group>"; };
		8BBD0723155B340000FFD4EF /* down.png */ = {isa = PBXFileReference; lastKnownFileType = image.png; path = down.png; sourceTree = "<group>"; };
		8BBD0724155B340000FFD4EF /* down@2x.png */ = {isa = PBXFileReference; lastKnownFileType = image.png; path = "down@2x.png"; sourceTree = "<group>"; };
		8BBD0725155B340000FFD4EF /* up.png */ = {isa = PBXFileReference; lastKnownFileType = image.png; path = up.png; sourceTree = "<group>"; };
		8BBD0726155B340000FFD4EF /* up@2x.png */ = {isa = PBXFileReference; lastKnownFileType = image.png; path = "up@2x.png"; sourceTree = "<group>"; };
		8BBD072C155B38BE00FFD4EF /* libTestUtils.a */ = {isa = PBXFileReference; lastKnownFileType = archive.ar; path = libTestUtils.a; sourceTree = "<group>"; };
		8BBD072E155B391F00FFD4EF /* libTestUtils~Device.a */ = {isa = PBXFileReference; lastKnownFileType = archive.ar; path = "libTestUtils~Device.a"; sourceTree = "<group>"; };
/* End PBXFileReference section */

/* Begin PBXFrameworksBuildPhase section */
		8BBD0693155B0C2000FFD4EF /* Frameworks */ = {
			isa = PBXFrameworksBuildPhase;
			buildActionMask = 2147483647;
			files = (
				8BBD069B155B0C2000FFD4EF /* UIKit.framework in Frameworks */,
				8BBD069D155B0C2000FFD4EF /* Foundation.framework in Frameworks */,
				8BBD069F155B0C2000FFD4EF /* CoreGraphics.framework in Frameworks */,
				8BBD06A1155B0C2000FFD4EF /* CoreData.framework in Frameworks */,
				8BBD072F155B399000FFD4EF /* libTestUtils.a in Frameworks */,
			);
			runOnlyForDeploymentPostprocessing = 0;
		};
		8BBD06BE155B0C2000FFD4EF /* Frameworks */ = {
			isa = PBXFrameworksBuildPhase;
			buildActionMask = 2147483647;
			files = (
				8BBD06C4155B0C2000FFD4EF /* SenTestingKit.framework in Frameworks */,
				8BBD06C5155B0C2000FFD4EF /* UIKit.framework in Frameworks */,
				8BBD06C6155B0C2000FFD4EF /* Foundation.framework in Frameworks */,
				8BBD06C7155B0C2000FFD4EF /* CoreData.framework in Frameworks */,
			);
			runOnlyForDeploymentPostprocessing = 0;
		};
/* End PBXFrameworksBuildPhase section */

/* Begin PBXGroup section */
		8BBD068B155B0C2000FFD4EF = {
			isa = PBXGroup;
			children = (
				8BBD06A2155B0C2000FFD4EF /* test */,
				8BBD06CA155B0C2000FFD4EF /* Tests */,
				8BBD0714155B22A100FFD4EF /* TestUtils */,
				8BBD0699155B0C2000FFD4EF /* Frameworks */,
				8BBD0697155B0C2000FFD4EF /* Products */,
			);
			sourceTree = "<group>";
		};
		8BBD0697155B0C2000FFD4EF /* Products */ = {
			isa = PBXGroup;
			children = (
				8BBD0696155B0C2000FFD4EF /* test.app */,
				8BBD06C2155B0C2000FFD4EF /* testTests.octest */,
			);
			name = Products;
			sourceTree = "<group>";
		};
		8BBD0699155B0C2000FFD4EF /* Frameworks */ = {
			isa = PBXGroup;
			children = (
				8BBD069A155B0C2000FFD4EF /* UIKit.framework */,
				8BBD069C155B0C2000FFD4EF /* Foundation.framework */,
				8BBD069E155B0C2000FFD4EF /* CoreGraphics.framework */,
				8BBD06A0155B0C2000FFD4EF /* CoreData.framework */,
				8BBD06C3155B0C2000FFD4EF /* SenTestingKit.framework */,
			);
			name = Frameworks;
			sourceTree = "<group>";
		};
		8BBD06A2155B0C2000FFD4EF /* test */ = {
			isa = PBXGroup;
			children = (
				8BBD071F155B24F400FFD4EF /* README */,
				8BBD06AB155B0C2000FFD4EF /* AppDelegate.h */,
				8BBD06AC155B0C2000FFD4EF /* AppDelegate.m */,
				76E6B821170B3A6100A49105 /* Categories.h */,
				76E6B822170B3A6100A49105 /* Categories.m */,
				8BBD06B1155B0C2000FFD4EF /* CategoryMemberViewController.h */,
				8BBD06B2155B0C2000FFD4EF /* CategoryMemberViewController.m */,
				8BBD06B7155B0C2000FFD4EF /* CategoryMemberViewController.xib */,
				8BBD06AE155B0C2000FFD4EF /* test.xcdatamodeld */,
				8BBD06A3155B0C2000FFD4EF /* Supporting Files */,
			);
			path = test;
			sourceTree = "<group>";
		};
		8BBD06A3155B0C2000FFD4EF /* Supporting Files */ = {
			isa = PBXGroup;
			children = (
				8BBD06A4155B0C2000FFD4EF /* test-Info.plist */,
				8BBD06A5155B0C2000FFD4EF /* InfoPlist.strings */,
				8BBD06A8155B0C2000FFD4EF /* main.m */,
				8BBD06AA155B0C2000FFD4EF /* test-Prefix.pch */,
				8BBD0721155B2C0900FFD4EF /* Arrow.png */,
				8BBD0723155B340000FFD4EF /* down.png */,
				8BBD0724155B340000FFD4EF /* down@2x.png */,
				8BBD0725155B340000FFD4EF /* up.png */,
				8BBD0726155B340000FFD4EF /* up@2x.png */,
			);
			name = "Supporting Files";
			sourceTree = "<group>";
		};
		8BBD06CA155B0C2000FFD4EF /* Tests */ = {
			isa = PBXGroup;
			children = (
				8BBD06D0155B0C2000FFD4EF /* testTests.h */,
				8BBD06D1155B0C2000FFD4EF /* testTests.m */,
				8BBD06CB155B0C2000FFD4EF /* Supporting Files */,
			);
			name = Tests;
			path = testTests;
			sourceTree = "<group>";
		};
		8BBD06CB155B0C2000FFD4EF /* Supporting Files */ = {
			isa = PBXGroup;
			children = (
				8BBD06CC155B0C2000FFD4EF /* testTests-Info.plist */,
				8BBD06CD155B0C2000FFD4EF /* InfoPlist.strings */,
			);
			name = "Supporting Files";
			sourceTree = "<group>";
		};
		8BBD0714155B22A100FFD4EF /* TestUtils */ = {
			isa = PBXGroup;
			children = (
				8BBD06FC155B1AF900FFD4EF /* TestUtils.h */,
				8BBD072D155B38C600FFD4EF /* Device */,
				8BBD072B155B38A500FFD4EF /* Simulator */,
				8BBD0716155B22A100FFD4EF /* TestUtils-Prefix.pch */,
			);
			path = TestUtils;
			sourceTree = "<group>";
		};
		8BBD072B155B38A500FFD4EF /* Simulator */ = {
			isa = PBXGroup;
			children = (
				8BBD072C155B38BE00FFD4EF /* libTestUtils.a */,
			);
			name = Simulator;
			sourceTree = "<group>";
		};
		8BBD072D155B38C600FFD4EF /* Device */ = {
			isa = PBXGroup;
			children = (
				8BBD072E155B391F00FFD4EF /* libTestUtils~Device.a */,
			);
			name = Device;
			sourceTree = "<group>";
		};
/* End PBXGroup section */

/* Begin PBXNativeTarget section */
		8BBD0695155B0C2000FFD4EF /* test */ = {
			isa = PBXNativeTarget;
			buildConfigurationList = 8BBD06D5155B0C2000FFD4EF /* Build configuration list for PBXNativeTarget "test" */;
			buildPhases = (
				8BBD0692155B0C2000FFD4EF /* Sources */,
				8BBD0693155B0C2000FFD4EF /* Frameworks */,
				8BBD0694155B0C2000FFD4EF /* Resources */,
			);
			buildRules = (
			);
			dependencies = (
			);
			name = test;
			productName = test;
			productReference = 8BBD0696155B0C2000FFD4EF /* test.app */;
			productType = "com.apple.product-type.application";
		};
		8BBD06C1155B0C2000FFD4EF /* testTests */ = {
			isa = PBXNativeTarget;
			buildConfigurationList = 8BBD06D8155B0C2000FFD4EF /* Build configuration list for PBXNativeTarget "testTests" */;
			buildPhases = (
				8BBD06BD155B0C2000FFD4EF /* Sources */,
				8BBD06BE155B0C2000FFD4EF /* Frameworks */,
				8BBD06BF155B0C2000FFD4EF /* Resources */,
				8BBD06C0155B0C2000FFD4EF /* ShellScript */,
			);
			buildRules = (
			);
			dependencies = (
				8BBD06C9155B0C2000FFD4EF /* PBXTargetDependency */,
			);
			name = testTests;
			productName = testTests;
			productReference = 8BBD06C2155B0C2000FFD4EF /* testTests.octest */;
			productType = "com.apple.product-type.bundle";
		};
/* End PBXNativeTarget section */

/* Begin PBXProject section */
		8BBD068D155B0C2000FFD4EF /* Project object */ = {
			isa = PBXProject;
			attributes = {
				LastUpgradeCheck = 0460;
				ORGANIZATIONNAME = Mellmo;
			};
			buildConfigurationList = 8BBD0690155B0C2000FFD4EF /* Build configuration list for PBXProject "test" */;
			compatibilityVersion = "Xcode 3.2";
			developmentRegion = English;
			hasScannedForEncodings = 0;
			knownRegions = (
				en,
			);
			mainGroup = 8BBD068B155B0C2000FFD4EF;
			productRefGroup = 8BBD0697155B0C2000FFD4EF /* Products */;
			projectDirPath = "";
			projectRoot = "";
			targets = (
				8BBD0695155B0C2000FFD4EF /* test */,
				8BBD06C1155B0C2000FFD4EF /* testTests */,
			);
		};
/* End PBXProject section */

/* Begin PBXResourcesBuildPhase section */
		8BBD0694155B0C2000FFD4EF /* Resources */ = {
			isa = PBXResourcesBuildPhase;
			buildActionMask = 2147483647;
			files = (
				8BBD06A7155B0C2000FFD4EF /* InfoPlist.strings in Resources */,
				8BBD06B9155B0C2000FFD4EF /* CategoryMemberViewController.xib in Resources */,
				8BBD0720155B24F400FFD4EF /* README in Resources */,
				8BBD0722155B2C0900FFD4EF /* Arrow.png in Resources */,
				8BBD0727155B340000FFD4EF /* down.png in Resources */,
				8BBD0728155B340000FFD4EF /* down@2x.png in Resources */,
				8BBD0729155B340000FFD4EF /* up.png in Resources */,
				8BBD072A155B340000FFD4EF /* up@2x.png in Resources */,
			);
			runOnlyForDeploymentPostprocessing = 0;
		};
		8BBD06BF155B0C2000FFD4EF /* Resources */ = {
			isa = PBXResourcesBuildPhase;
			buildActionMask = 2147483647;
			files = (
				8BBD06CF155B0C2000FFD4EF /* InfoPlist.strings in Resources */,
			);
			runOnlyForDeploymentPostprocessing = 0;
		};
/* End PBXResourcesBuildPhase section */

/* Begin PBXShellScriptBuildPhase section */
		8BBD06C0155B0C2000FFD4EF /* ShellScript */ = {
			isa = PBXShellScriptBuildPhase;
			buildActionMask = 2147483647;
			files = (
			);
			inputPaths = (
			);
			outputPaths = (
			);
			runOnlyForDeploymentPostprocessing = 0;
			shellPath = /bin/sh;
			shellScript = "# Run the unit tests in this test bundle.\n\"${SYSTEM_DEVELOPER_DIR}/Tools/RunUnitTests\"\n";
		};
/* End PBXShellScriptBuildPhase section */

/* Begin PBXSourcesBuildPhase section */
		8BBD0692155B0C2000FFD4EF /* Sources */ = {
			isa = PBXSourcesBuildPhase;
			buildActionMask = 2147483647;
			files = (
				8BBD06A9155B0C2000FFD4EF /* main.m in Sources */,
				8BBD06AD155B0C2000FFD4EF /* AppDelegate.m in Sources */,
				8BBD06B0155B0C2000FFD4EF /* test.xcdatamodeld in Sources */,
				8BBD06B3155B0C2000FFD4EF /* CategoryMemberViewController.m in Sources */,
				76E6B823170B3A6100A49105 /* Categories.m in Sources */,
			);
			runOnlyForDeploymentPostprocessing = 0;
		};
		8BBD06BD155B0C2000FFD4EF /* Sources */ = {
			isa = PBXSourcesBuildPhase;
			buildActionMask = 2147483647;
			files = (
				8BBD06D2155B0C2000FFD4EF /* testTests.m in Sources */,
			);
			runOnlyForDeploymentPostprocessing = 0;
		};
/* End PBXSourcesBuildPhase section */

/* Begin PBXTargetDependency section */
		8BBD06C9155B0C2000FFD4EF /* PBXTargetDependency */ = {
			isa = PBXTargetDependency;
			target = 8BBD0695155B0C2000FFD4EF /* test */;
			targetProxy = 8BBD06C8155B0C2000FFD4EF /* PBXContainerItemProxy */;
		};
/* End PBXTargetDependency section */

/* Begin PBXVariantGroup section */
		8BBD06A5155B0C2000FFD4EF /* InfoPlist.strings */ = {
			isa = PBXVariantGroup;
			children = (
				8BBD06A6155B0C2000FFD4EF /* en */,
			);
			name = InfoPlist.strings;
			sourceTree = "<group>";
		};
		8BBD06B7155B0C2000FFD4EF /* CategoryMemberViewController.xib */ = {
			isa = PBXVariantGroup;
			children = (
				8BBD06B8155B0C2000FFD4EF /* en */,
			);
			name = CategoryMemberViewController.xib;
			sourceTree = "<group>";
		};
		8BBD06CD155B0C2000FFD4EF /* InfoPlist.strings */ = {
			isa = PBXVariantGroup;
			children = (
				8BBD06CE155B0C2000FFD4EF /* en */,
			);
			name = InfoPlist.strings;
			sourceTree = "<group>";
		};
/* End PBXVariantGroup section */

/* Begin XCBuildConfiguration section */
		8BBD06D3155B0C2000FFD4EF /* Debug */ = {
			isa = XCBuildConfiguration;
			buildSettings = {
				ALWAYS_SEARCH_USER_PATHS = NO;
				ARCHS = "$(ARCHS_STANDARD_32_BIT)";
				CLANG_WARN_CONSTANT_CONVERSION = YES;
				CLANG_WARN_ENUM_CONVERSION = YES;
				CLANG_WARN_INT_CONVERSION = YES;
				CLANG_WARN__DUPLICATE_METHOD_MATCH = YES;
				"CODE_SIGN_IDENTITY[sdk=iphoneos*]" = "iPhone Developer";
				COPY_PHASE_STRIP = NO;
				GCC_C_LANGUAGE_STANDARD = gnu99;
				GCC_DYNAMIC_NO_PIC = NO;
				GCC_OPTIMIZATION_LEVEL = 0;
				GCC_PREPROCESSOR_DEFINITIONS = (
					"DEBUG=1",
					"$(inherited)",
				);
				GCC_SYMBOLS_PRIVATE_EXTERN = NO;
				GCC_VERSION = com.apple.compilers.llvm.clang.1_0;
				GCC_WARN_ABOUT_RETURN_TYPE = YES;
				GCC_WARN_UNINITIALIZED_AUTOS = YES;
				GCC_WARN_UNUSED_VARIABLE = YES;
				IPHONEOS_DEPLOYMENT_TARGET = 5.1;
				SDKROOT = iphoneos;
			};
			name = Debug;
		};
		8BBD06D4155B0C2000FFD4EF /* Release */ = {
			isa = XCBuildConfiguration;
			buildSettings = {
				ALWAYS_SEARCH_USER_PATHS = NO;
				ARCHS = "$(ARCHS_STANDARD_32_BIT)";
				CLANG_WARN_CONSTANT_CONVERSION = YES;
				CLANG_WARN_ENUM_CONVERSION = YES;
				CLANG_WARN_INT_CONVERSION = YES;
				CLANG_WARN__DUPLICATE_METHOD_MATCH = YES;
				"CODE_SIGN_IDENTITY[sdk=iphoneos*]" = "iPhone Developer";
				COPY_PHASE_STRIP = YES;
				GCC_C_LANGUAGE_STANDARD = gnu99;
				GCC_VERSION = com.apple.compilers.llvm.clang.1_0;
				GCC_WARN_ABOUT_RETURN_TYPE = YES;
				GCC_WARN_UNINITIALIZED_AUTOS = YES;
				GCC_WARN_UNUSED_VARIABLE = YES;
				IPHONEOS_DEPLOYMENT_TARGET = 5.1;
				OTHER_CFLAGS = "-DNS_BLOCK_ASSERTIONS=1";
				SDKROOT = iphoneos;
				VALIDATE_PRODUCT = YES;
			};
			name = Release;
		};
		8BBD06D6155B0C2000FFD4EF /* Debug */ = {
			isa = XCBuildConfiguration;
			buildSettings = {
				GCC_PRECOMPILE_PREFIX_HEADER = YES;
				GCC_PREFIX_HEADER = "test/test-Prefix.pch";
				INFOPLIST_FILE = "test/test-Info.plist";
				LIBRARY_SEARCH_PATHS = (
					"$(inherited)",
					"\"$(SRCROOT)/TestUtils\"",
				);
				PRODUCT_NAME = "$(TARGET_NAME)";
				WRAPPER_EXTENSION = app;
			};
			name = Debug;
		};
		8BBD06D7155B0C2000FFD4EF /* Release */ = {
			isa = XCBuildConfiguration;
			buildSettings = {
				GCC_PRECOMPILE_PREFIX_HEADER = YES;
				GCC_PREFIX_HEADER = "test/test-Prefix.pch";
				INFOPLIST_FILE = "test/test-Info.plist";
				LIBRARY_SEARCH_PATHS = (
					"$(inherited)",
					"\"$(SRCROOT)/TestUtils\"",
				);
				PRODUCT_NAME = "$(TARGET_NAME)";
				WRAPPER_EXTENSION = app;
			};
			name = Release;
		};
		8BBD06D9155B0C2000FFD4EF /* Debug */ = {
			isa = XCBuildConfiguration;
			buildSettings = {
				BUNDLE_LOADER = "$(BUILT_PRODUCTS_DIR)/test.app/test";
				FRAMEWORK_SEARCH_PATHS = (
					"$(SDKROOT)/Developer/Library/Frameworks",
					"$(DEVELOPER_LIBRARY_DIR)/Frameworks",
				);
				GCC_PRECOMPILE_PREFIX_HEADER = YES;
				GCC_PREFIX_HEADER = "test/test-Prefix.pch";
				INFOPLIST_FILE = "testTests/testTests-Info.plist";
				PRODUCT_NAME = "$(TARGET_NAME)";
				TEST_HOST = "$(BUNDLE_LOADER)";
				WRAPPER_EXTENSION = octest;
			};
			name = Debug;
		};
		8BBD06DA155B0C2000FFD4EF /* Release */ = {
			isa = XCBuildConfiguration;
			buildSettings = {
				BUNDLE_LOADER = "$(BUILT_PRODUCTS_DIR)/test.app/test";
				FRAMEWORK_SEARCH_PATHS = (
					"$(SDKROOT)/Developer/Library/Frameworks",
					"$(DEVELOPER_LIBRARY_DIR)/Frameworks",
				);
				GCC_PRECOMPILE_PREFIX_HEADER = YES;
				GCC_PREFIX_HEADER = "test/test-Prefix.pch";
				INFOPLIST_FILE = "testTests/testTests-Info.plist";
				PRODUCT_NAME = "$(TARGET_NAME)";
				TEST_HOST = "$(BUNDLE_LOADER)";
				WRAPPER_EXTENSION = octest;
			};
			name = Release;
		};
/* End XCBuildConfiguration section */

/* Begin XCConfigurationList section */
		8BBD0690155B0C2000FFD4EF /* Build configuration list for PBXProject "test" */ = {
			isa = XCConfigurationList;
			buildConfigurations = (
				8BBD06D3155B0C2000FFD4EF /* Debug */,
				8BBD06D4155B0C2000FFD4EF /* Release */,
			);
			defaultConfigurationIsVisible = 0;
			defaultConfigurationName = Release;
		};
		8BBD06D5155B0C2000FFD4EF /* Build configuration list for PBXNativeTarget "test" */ = {
			isa = XCConfigurationList;
			buildConfigurations = (
				8BBD06D6155B0C2000FFD4EF /* Debug */,
				8BBD06D7155B0C2000FFD4EF /* Release */,
			);
			defaultConfigurationIsVisible = 0;
			defaultConfigurationName = Release;
		};
		8BBD06D8155B0C2000FFD4EF /* Build configuration list for PBXNativeTarget "testTests" */ = {
			isa = XCConfigurationList;
			buildConfigurations = (
				8BBD06D9155B0C2000FFD4EF /* Debug */,
				8BBD06DA155B0C2000FFD4EF /* Release */,
			);
			defaultConfigurationIsVisible = 0;
			defaultConfigurationName = Release;
		};
/* End XCConfigurationList section */

/* Begin XCVersionGroup section */
		8BBD06AE155B0C2000FFD4EF /* test.xcdatamodeld */ = {
			isa = XCVersionGroup;
			children = (
				8BBD06AF155B0C2000FFD4EF /* test.xcdatamodel */,
			);
			currentVersion = 8BBD06AF155B0C2000FFD4EF /* test.xcdatamodel */;
			path = test.xcdatamodeld;
			sourceTree = "<group>";
			versionGroupType = wrapper.xcdatamodel;
		};
/* End XCVersionGroup section */
	};
	rootObject = 8BBD068D155B0C2000FFD4EF /* Project object */;
}
